
Microsoft Visual Studio Solution File, Format Version 12.00
# Visual Studio Version 16
VisualStudioVersion = 16.0.31019.35
MinimumVisualStudioVersion = 10.0.40219.1
Project("{FAE04EC0-301F-11D3-BF4B-00C04F79EFBC}") = "Regex_Basics", "Regex_Basics\Regex_Basics.csproj", "{6F128619-2A41-46D7-BD0A-BBF98BAF0BBE}"
EndProject
Global
	GlobalSection(SolutionConfigurationPlatforms) = preSolution
		Debug|Any CPU = Debug|Any CPU
		Release|Any CPU = Release|Any CPU
	EndGlobalSection
	GlobalSection(ProjectConfigurationPlatforms) = postSolution
		{6F128619-2A41-46D7-BD0A-BBF98BAF0BBE}.Debug|Any CPU.ActiveCfg = Debug|Any CPU
		{6F128619-2A41-46D7-BD0A-BBF98BAF0BBE}.Debug|Any CPU.Build.0 = Debug|Any CPU
		{6F128619-2A41-46D7-BD0A-BBF98BAF0BBE}.Release|Any CPU.ActiveCfg = Release|Any CPU
		{6F128619-2A41-46D7-BD0A-BBF98BAF0BBE}.Release|Any CPU.Build.0 = Release|Any CPU
	EndGlobalSection
	GlobalSection(SolutionProperties) = preSolution
		HideSolutionNode = FALSE
	EndGlobalSection
	GlobalSection(ExtensibilityGlobals) = postSolution
		SolutionGuid = {4410BCFC-AF08-4237-B868-0520E0748114}
	EndGlobalSection
EndGlobal
